// !$*UTF8*$!
{
	archiveVersion = 1;
	classes = {
	};
	objectVersion = 56;
	objects = {

/* Begin PBXBuildFile section */
		AB2ADCCB29E92E1200D14DDB /* SoundPlayer.swift in Sources */ = {isa = PBXBuildFile; fileRef = AB2ADCCA29E92E1200D14DDB /* SoundPlayer.swift */; };
		AB2ADCD329E9413500D14DDB /* WidgetKit.framework in Frameworks */ = {isa = PBXBuildFile; fileRef = AB2ADCD229E9413500D14DDB /* WidgetKit.framework */; };
		AB2ADCD529E9413500D14DDB /* SwiftUI.framework in Frameworks */ = {isa = PBXBuildFile; fileRef = AB2ADCD429E9413500D14DDB /* SwiftUI.framework */; };
		AB2ADCD829E9413500D14DDB /* DevoteWidgetBundle.swift in Sources */ = {isa = PBXBuildFile; fileRef = AB2ADCD729E9413500D14DDB /* DevoteWidgetBundle.swift */; };
		AB2ADCDA29E9413500D14DDB /* DevoteWidget.swift in Sources */ = {isa = PBXBuildFile; fileRef = AB2ADCD929E9413500D14DDB /* DevoteWidget.swift */; };
		AB2ADCDC29E9413600D14DDB /* Assets.xcassets in Resources */ = {isa = PBXBuildFile; fileRef = AB2ADCDB29E9413600D14DDB /* Assets.xcassets */; };
		AB2ADCE029E9413600D14DDB /* DevoteWidgetExtension.appex in Embed Foundation Extensions */ = {isa = PBXBuildFile; fileRef = AB2ADCD029E9413500D14DDB /* DevoteWidgetExtension.appex */; settings = {ATTRIBUTES = (RemoveHeadersOnCopy, ); }; };
		AB2ADCE529E947AF00D14DDB /* Assets.xcassets in Resources */ = {isa = PBXBuildFile; fileRef = ABE4961E29E5547E006DA53B /* Assets.xcassets */; };
		AB2ADCE629E9485600D14DDB /* Constants.swift in Sources */ = {isa = PBXBuildFile; fileRef = ABAAD3AA29E6903800EBDFFC /* Constants.swift */; };
		AB7F4D6B29E7E1CD004CDE58 /* NewTaskView.swift in Sources */ = {isa = PBXBuildFile; fileRef = AB7F4D6A29E7E1CD004CDE58 /* NewTaskView.swift */; };
		AB7F4D6D29E7E9DA004CDE58 /* BlankView.swift in Sources */ = {isa = PBXBuildFile; fileRef = AB7F4D6C29E7E9DA004CDE58 /* BlankView.swift */; };
		AB7F4D6F29E7FA16004CDE58 /* ListRowItemView.swift in Sources */ = {isa = PBXBuildFile; fileRef = AB7F4D6E29E7FA16004CDE58 /* ListRowItemView.swift */; };
		AB7F4D7129E80429004CDE58 /* CheckBoxStyle.swift in Sources */ = {isa = PBXBuildFile; fileRef = AB7F4D7029E80429004CDE58 /* CheckBoxStyle.swift */; };
		ABAAD3AB29E6903800EBDFFC /* Constants.swift in Sources */ = {isa = PBXBuildFile; fileRef = ABAAD3AA29E6903800EBDFFC /* Constants.swift */; };
		ABAAD3B129E6AAE400EBDFFC /* HideKeyboardExtension.swift in Sources */ = {isa = PBXBuildFile; fileRef = ABAAD3B029E6AAE400EBDFFC /* HideKeyboardExtension.swift */; };
		ABAAD3B429E6B4DC00EBDFFC /* BackgroundImageView.swift in Sources */ = {isa = PBXBuildFile; fileRef = ABAAD3B329E6B4DC00EBDFFC /* BackgroundImageView.swift */; };
		ABE4961B29E5547D006DA53B /* DevoteApp.swift in Sources */ = {isa = PBXBuildFile; fileRef = ABE4961A29E5547D006DA53B /* DevoteApp.swift */; };
		ABE4961D29E5547D006DA53B /* ContentView.swift in Sources */ = {isa = PBXBuildFile; fileRef = ABE4961C29E5547D006DA53B /* ContentView.swift */; };
		ABE4961F29E5547E006DA53B /* Assets.xcassets in Resources */ = {isa = PBXBuildFile; fileRef = ABE4961E29E5547E006DA53B /* Assets.xcassets */; };
		ABE4962229E5547E006DA53B /* Preview Assets.xcassets in Resources */ = {isa = PBXBuildFile; fileRef = ABE4962129E5547E006DA53B /* Preview Assets.xcassets */; };
		ABE4962429E5547E006DA53B /* Persistence.swift in Sources */ = {isa = PBXBuildFile; fileRef = ABE4962329E5547E006DA53B /* Persistence.swift */; };
		ABE4962729E5547E006DA53B /* Devote.xcdatamodeld in Sources */ = {isa = PBXBuildFile; fileRef = ABE4962529E5547E006DA53B /* Devote.xcdatamodeld */; };
		ABE4963029E55827006DA53B /* sound-ding.mp3 in Resources */ = {isa = PBXBuildFile; fileRef = ABE4962D29E55827006DA53B /* sound-ding.mp3 */; };
		ABE4963129E55827006DA53B /* sound-rise.mp3 in Resources */ = {isa = PBXBuildFile; fileRef = ABE4962E29E55827006DA53B /* sound-rise.mp3 */; };
		ABE4963229E55827006DA53B /* sound-tap.mp3 in Resources */ = {isa = PBXBuildFile; fileRef = ABE4962F29E55827006DA53B /* sound-tap.mp3 */; };
		ABE4963A29E55AB3006DA53B /* Launch Screen.storyboard in Resources */ = {isa = PBXBuildFile; fileRef = ABE4963929E55AB3006DA53B /* Launch Screen.storyboard */; };
/* End PBXBuildFile section */

/* Begin PBXContainerItemProxy section */
		AB2ADCDE29E9413600D14DDB /* PBXContainerItemProxy */ = {
			isa = PBXContainerItemProxy;
			containerPortal = ABE4960F29E5547D006DA53B /* Project object */;
			proxyType = 1;
			remoteGlobalIDString = AB2ADCCF29E9413500D14DDB;
			remoteInfo = DevoteWidgetExtension;
		};
/* End PBXContainerItemProxy section */

/* Begin PBXCopyFilesBuildPhase section */
		AB2ADCE129E9413600D14DDB /* Embed Foundation Extensions */ = {
			isa = PBXCopyFilesBuildPhase;
			buildActionMask = 2147483647;
			dstPath = "";
			dstSubfolderSpec = 13;
			files = (
				AB2ADCE029E9413600D14DDB /* DevoteWidgetExtension.appex in Embed Foundation Extensions */,
			);
			name = "Embed Foundation Extensions";
			runOnlyForDeploymentPostprocessing = 0;
		};
/* End PBXCopyFilesBuildPhase section */

/* Begin PBXFileReference section */
		AB2ADCCA29E92E1200D14DDB /* SoundPlayer.swift */ = {isa = PBXFileReference; lastKnownFileType = sourcecode.swift; path = SoundPlayer.swift; sourceTree = "<group>"; };
		AB2ADCD029E9413500D14DDB /* DevoteWidgetExtension.appex */ = {isa = PBXFileReference; explicitFileType = "wrapper.app-extension"; includeInIndex = 0; path = DevoteWidgetExtension.appex; sourceTree = BUILT_PRODUCTS_DIR; };
		AB2ADCD229E9413500D14DDB /* WidgetKit.framework */ = {isa = PBXFileReference; lastKnownFileType = wrapper.framework; name = WidgetKit.framework; path = System/Library/Frameworks/WidgetKit.framework; sourceTree = SDKROOT; };
		AB2ADCD429E9413500D14DDB /* SwiftUI.framework */ = {isa = PBXFileReference; lastKnownFileType = wrapper.framework; name = SwiftUI.framework; path = System/Library/Frameworks/SwiftUI.framework; sourceTree = SDKROOT; };
		AB2ADCD729E9413500D14DDB /* DevoteWidgetBundle.swift */ = {isa = PBXFileReference; lastKnownFileType = sourcecode.swift; path = DevoteWidgetBundle.swift; sourceTree = "<group>"; };
		AB2ADCD929E9413500D14DDB /* DevoteWidget.swift */ = {isa = PBXFileReference; lastKnownFileType = sourcecode.swift; path = DevoteWidget.swift; sourceTree = "<group>"; };
		AB2ADCDB29E9413600D14DDB /* Assets.xcassets */ = {isa = PBXFileReference; lastKnownFileType = folder.assetcatalog; path = Assets.xcassets; sourceTree = "<group>"; };
		AB2ADCDD29E9413600D14DDB /* Info.plist */ = {isa = PBXFileReference; lastKnownFileType = text.plist.xml; path = Info.plist; sourceTree = "<group>"; };
		AB7F4D6A29E7E1CD004CDE58 /* NewTaskView.swift */ = {isa = PBXFileReference; lastKnownFileType = sourcecode.swift; path = NewTaskView.swift; sourceTree = "<group>"; };
		AB7F4D6C29E7E9DA004CDE58 /* BlankView.swift */ = {isa = PBXFileReference; lastKnownFileType = sourcecode.swift; path = BlankView.swift; sourceTree = "<group>"; };
		AB7F4D6E29E7FA16004CDE58 /* ListRowItemView.swift */ = {isa = PBXFileReference; lastKnownFileType = sourcecode.swift; path = ListRowItemView.swift; sourceTree = "<group>"; };
		AB7F4D7029E80429004CDE58 /* CheckBoxStyle.swift */ = {isa = PBXFileReference; lastKnownFileType = sourcecode.swift; path = CheckBoxStyle.swift; sourceTree = "<group>"; };
		ABAAD3AA29E6903800EBDFFC /* Constants.swift */ = {isa = PBXFileReference; lastKnownFileType = sourcecode.swift; path = Constants.swift; sourceTree = "<group>"; };
		ABAAD3B029E6AAE400EBDFFC /* HideKeyboardExtension.swift */ = {isa = PBXFileReference; lastKnownFileType = sourcecode.swift; path = HideKeyboardExtension.swift; sourceTree = "<group>"; };
		ABAAD3B329E6B4DC00EBDFFC /* BackgroundImageView.swift */ = {isa = PBXFileReference; lastKnownFileType = sourcecode.swift; path = BackgroundImageView.swift; sourceTree = "<group>"; };
		ABE4961729E5547D006DA53B /* Devote.app */ = {isa = PBXFileReference; explicitFileType = wrapper.application; includeInIndex = 0; path = Devote.app; sourceTree = BUILT_PRODUCTS_DIR; };
		ABE4961A29E5547D006DA53B /* DevoteApp.swift */ = {isa = PBXFileReference; lastKnownFileType = sourcecode.swift; path = DevoteApp.swift; sourceTree = "<group>"; };
		ABE4961C29E5547D006DA53B /* ContentView.swift */ = {isa = PBXFileReference; lastKnownFileType = sourcecode.swift; path = ContentView.swift; sourceTree = "<group>"; };
		ABE4961E29E5547E006DA53B /* Assets.xcassets */ = {isa = PBXFileReference; lastKnownFileType = folder.assetcatalog; path = Assets.xcassets; sourceTree = "<group>"; };
		ABE4962129E5547E006DA53B /* Preview Assets.xcassets */ = {isa = PBXFileReference; lastKnownFileType = folder.assetcatalog; path = "Preview Assets.xcassets"; sourceTree = "<group>"; };
		ABE4962329E5547E006DA53B /* Persistence.swift */ = {isa = PBXFileReference; lastKnownFileType = sourcecode.swift; path = Persistence.swift; sourceTree = "<group>"; };
		ABE4962629E5547E006DA53B /* Devote.xcdatamodel */ = {isa = PBXFileReference; lastKnownFileType = wrapper.xcdatamodel; path = Devote.xcdatamodel; sourceTree = "<group>"; };
		ABE4962D29E55827006DA53B /* sound-ding.mp3 */ = {isa = PBXFileReference; lastKnownFileType = audio.mp3; path = "sound-ding.mp3"; sourceTree = "<group>"; };
		ABE4962E29E55827006DA53B /* sound-rise.mp3 */ = {isa = PBXFileReference; lastKnownFileType = audio.mp3; path = "sound-rise.mp3"; sourceTree = "<group>"; };
		ABE4962F29E55827006DA53B /* sound-tap.mp3 */ = {isa = PBXFileReference; lastKnownFileType = audio.mp3; path = "sound-tap.mp3"; sourceTree = "<group>"; };
		ABE4963929E55AB3006DA53B /* Launch Screen.storyboard */ = {isa = PBXFileReference; lastKnownFileType = file.storyboard; path = "Launch Screen.storyboard"; sourceTree = "<group>"; };
/* End PBXFileReference section */

/* Begin PBXFrameworksBuildPhase section */
		AB2ADCCD29E9413500D14DDB /* Frameworks */ = {
			isa = PBXFrameworksBuildPhase;
			buildActionMask = 2147483647;
			files = (
				AB2ADCD529E9413500D14DDB /* SwiftUI.framework in Frameworks */,
				AB2ADCD329E9413500D14DDB /* WidgetKit.framework in Frameworks */,
			);
			runOnlyForDeploymentPostprocessing = 0;
		};
		ABE4961429E5547D006DA53B /* Frameworks */ = {
			isa = PBXFrameworksBuildPhase;
			buildActionMask = 2147483647;
			files = (
			);
			runOnlyForDeploymentPostprocessing = 0;
		};
/* End PBXFrameworksBuildPhase section */

/* Begin PBXGroup section */
		AB2ADCD129E9413500D14DDB /* Frameworks */ = {
			isa = PBXGroup;
			children = (
				AB2ADCD229E9413500D14DDB /* WidgetKit.framework */,
				AB2ADCD429E9413500D14DDB /* SwiftUI.framework */,
			);
			name = Frameworks;
			sourceTree = "<group>";
		};
		AB2ADCD629E9413500D14DDB /* DevoteWidget */ = {
			isa = PBXGroup;
			children = (
				AB2ADCD729E9413500D14DDB /* DevoteWidgetBundle.swift */,
				AB2ADCD929E9413500D14DDB /* DevoteWidget.swift */,
				AB2ADCDB29E9413600D14DDB /* Assets.xcassets */,
				AB2ADCDD29E9413600D14DDB /* Info.plist */,
			);
			path = DevoteWidget;
			sourceTree = "<group>";
		};
		ABAAD3B229E6B02400EBDFFC /* Views */ = {
			isa = PBXGroup;
			children = (
				ABAAD3B329E6B4DC00EBDFFC /* BackgroundImageView.swift */,
				AB7F4D6A29E7E1CD004CDE58 /* NewTaskView.swift */,
				AB7F4D6C29E7E9DA004CDE58 /* BlankView.swift */,
				AB7F4D6E29E7FA16004CDE58 /* ListRowItemView.swift */,
			);
			path = Views;
			sourceTree = "<group>";
		};
		ABE4960E29E5547D006DA53B = {
			isa = PBXGroup;
			children = (
				ABE4961929E5547D006DA53B /* Devote */,
				AB2ADCD629E9413500D14DDB /* DevoteWidget */,
				AB2ADCD129E9413500D14DDB /* Frameworks */,
				ABE4961829E5547D006DA53B /* Products */,
			);
			sourceTree = "<group>";
		};
		ABE4961829E5547D006DA53B /* Products */ = {
			isa = PBXGroup;
			children = (
				ABE4961729E5547D006DA53B /* Devote.app */,
				AB2ADCD029E9413500D14DDB /* DevoteWidgetExtension.appex */,
			);
			name = Products;
			sourceTree = "<group>";
		};
		ABE4961929E5547D006DA53B /* Devote */ = {
			isa = PBXGroup;
			children = (
				ABE4961A29E5547D006DA53B /* DevoteApp.swift */,
				ABE4963729E558A3006DA53B /* Style */,
				ABE4963629E55889006DA53B /* Utility */,
				ABE4963529E5587E006DA53B /* Extensions */,
				ABE4963329E55834006DA53B /* Sounds */,
				ABAAD3B229E6B02400EBDFFC /* Views */,
				ABE4963429E55855006DA53B /* App */,
				ABE4961E29E5547E006DA53B /* Assets.xcassets */,
				ABE4963829E558EE006DA53B /* Model */,
				ABE4962029E5547E006DA53B /* Preview Content */,
				ABE4963929E55AB3006DA53B /* Launch Screen.storyboard */,
			);
			path = Devote;
			sourceTree = "<group>";
		};
		ABE4962029E5547E006DA53B /* Preview Content */ = {
			isa = PBXGroup;
			children = (
				ABE4962129E5547E006DA53B /* Preview Assets.xcassets */,
			);
			path = "Preview Content";
			sourceTree = "<group>";
		};
		ABE4963329E55834006DA53B /* Sounds */ = {
			isa = PBXGroup;
			children = (
				ABE4962D29E55827006DA53B /* sound-ding.mp3 */,
				ABE4962E29E55827006DA53B /* sound-rise.mp3 */,
				ABE4962F29E55827006DA53B /* sound-tap.mp3 */,
			);
			path = Sounds;
			sourceTree = "<group>";
		};
		ABE4963429E55855006DA53B /* App */ = {
			isa = PBXGroup;
			children = (
				ABE4961C29E5547D006DA53B /* ContentView.swift */,
			);
			path = App;
			sourceTree = "<group>";
		};
		ABE4963529E5587E006DA53B /* Extensions */ = {
			isa = PBXGroup;
			children = (
				ABAAD3B029E6AAE400EBDFFC /* HideKeyboardExtension.swift */,
			);
			path = Extensions;
			sourceTree = "<group>";
		};
		ABE4963629E55889006DA53B /* Utility */ = {
			isa = PBXGroup;
			children = (
				ABAAD3AA29E6903800EBDFFC /* Constants.swift */,
				AB2ADCCA29E92E1200D14DDB /* SoundPlayer.swift */,
			);
			path = Utility;
			sourceTree = "<group>";
		};
		ABE4963729E558A3006DA53B /* Style */ = {
			isa = PBXGroup;
			children = (
				AB7F4D7029E80429004CDE58 /* CheckBoxStyle.swift */,
			);
			path = Style;
			sourceTree = "<group>";
		};
		ABE4963829E558EE006DA53B /* Model */ = {
			isa = PBXGroup;
			children = (
				ABE4962329E5547E006DA53B /* Persistence.swift */,
				ABE4962529E5547E006DA53B /* Devote.xcdatamodeld */,
			);
			path = Model;
			sourceTree = "<group>";
		};
/* End PBXGroup section */

/* Begin PBXNativeTarget section */
		AB2ADCCF29E9413500D14DDB /* DevoteWidgetExtension */ = {
			isa = PBXNativeTarget;
			buildConfigurationList = AB2ADCE429E9413600D14DDB /* Build configuration list for PBXNativeTarget "DevoteWidgetExtension" */;
			buildPhases = (
				AB2ADCCC29E9413500D14DDB /* Sources */,
				AB2ADCCD29E9413500D14DDB /* Frameworks */,
				AB2ADCCE29E9413500D14DDB /* Resources */,
			);
			buildRules = (
			);
			dependencies = (
			);
			name = DevoteWidgetExtension;
			productName = DevoteWidgetExtension;
			productReference = AB2ADCD029E9413500D14DDB /* DevoteWidgetExtension.appex */;
			productType = "com.apple.product-type.app-extension";
		};
		ABE4961629E5547D006DA53B /* Devote */ = {
			isa = PBXNativeTarget;
			buildConfigurationList = ABE4962A29E5547E006DA53B /* Build configuration list for PBXNativeTarget "Devote" */;
			buildPhases = (
				ABE4961329E5547D006DA53B /* Sources */,
				ABE4961429E5547D006DA53B /* Frameworks */,
				ABE4961529E5547D006DA53B /* Resources */,
				AB2ADCE129E9413600D14DDB /* Embed Foundation Extensions */,
			);
			buildRules = (
			);
			dependencies = (
				AB2ADCDF29E9413600D14DDB /* PBXTargetDependency */,
			);
			name = Devote;
			productName = Devote;
			productReference = ABE4961729E5547D006DA53B /* Devote.app */;
			productType = "com.apple.product-type.application";
		};
/* End PBXNativeTarget section */

/* Begin PBXProject section */
		ABE4960F29E5547D006DA53B /* Project object */ = {
			isa = PBXProject;
			attributes = {
				BuildIndependentTargetsInParallel = 1;
				LastSwiftUpdateCheck = 1430;
				LastUpgradeCheck = 1430;
				TargetAttributes = {
					AB2ADCCF29E9413500D14DDB = {
						CreatedOnToolsVersion = 14.3;
					};
					ABE4961629E5547D006DA53B = {
						CreatedOnToolsVersion = 14.3;
					};
				};
			};
			buildConfigurationList = ABE4961229E5547D006DA53B /* Build configuration list for PBXProject "Devote" */;
			compatibilityVersion = "Xcode 14.0";
			developmentRegion = en;
			hasScannedForEncodings = 0;
			knownRegions = (
				en,
				Base,
			);
			mainGroup = ABE4960E29E5547D006DA53B;
			productRefGroup = ABE4961829E5547D006DA53B /* Products */;
			projectDirPath = "";
			projectRoot = "";
			targets = (
				ABE4961629E5547D006DA53B /* Devote */,
				AB2ADCCF29E9413500D14DDB /* DevoteWidgetExtension */,
			);
		};
/* End PBXProject section */

/* Begin PBXResourcesBuildPhase section */
		AB2ADCCE29E9413500D14DDB /* Resources */ = {
			isa = PBXResourcesBuildPhase;
			buildActionMask = 2147483647;
			files = (
				AB2ADCE529E947AF00D14DDB /* Assets.xcassets in Resources */,
				AB2ADCDC29E9413600D14DDB /* Assets.xcassets in Resources */,
			);
			runOnlyForDeploymentPostprocessing = 0;
		};
		ABE4961529E5547D006DA53B /* Resources */ = {
			isa = PBXResourcesBuildPhase;
			buildActionMask = 2147483647;
			files = (
				ABE4963A29E55AB3006DA53B /* Launch Screen.storyboard in Resources */,
				ABE4962229E5547E006DA53B /* Preview Assets.xcassets in Resources */,
				ABE4963129E55827006DA53B /* sound-rise.mp3 in Resources */,
				ABE4961F29E5547E006DA53B /* Assets.xcassets in Resources */,
				ABE4963229E55827006DA53B /* sound-tap.mp3 in Resources */,
				ABE4963029E55827006DA53B /* sound-ding.mp3 in Resources */,
			);
			runOnlyForDeploymentPostprocessing = 0;
		};
/* End PBXResourcesBuildPhase section */

/* Begin PBXSourcesBuildPhase section */
		AB2ADCCC29E9413500D14DDB /* Sources */ = {
			isa = PBXSourcesBuildPhase;
			buildActionMask = 2147483647;
			files = (
				AB2ADCDA29E9413500D14DDB /* DevoteWidget.swift in Sources */,
				AB2ADCD829E9413500D14DDB /* DevoteWidgetBundle.swift in Sources */,
				AB2ADCE629E9485600D14DDB /* Constants.swift in Sources */,
			);
			runOnlyForDeploymentPostprocessing = 0;
		};
		ABE4961329E5547D006DA53B /* Sources */ = {
			isa = PBXSourcesBuildPhase;
			buildActionMask = 2147483647;
			files = (
				ABAAD3AB29E6903800EBDFFC /* Constants.swift in Sources */,
				ABAAD3B429E6B4DC00EBDFFC /* BackgroundImageView.swift in Sources */,
				ABE4962429E5547E006DA53B /* Persistence.swift in Sources */,
				ABAAD3B129E6AAE400EBDFFC /* HideKeyboardExtension.swift in Sources */,
				AB7F4D6D29E7E9DA004CDE58 /* BlankView.swift in Sources */,
				AB7F4D6B29E7E1CD004CDE58 /* NewTaskView.swift in Sources */,
				AB7F4D6F29E7FA16004CDE58 /* ListRowItemView.swift in Sources */,
				ABE4961D29E5547D006DA53B /* ContentView.swift in Sources */,
				AB7F4D7129E80429004CDE58 /* CheckBoxStyle.swift in Sources */,
				ABE4962729E5547E006DA53B /* Devote.xcdatamodeld in Sources */,
				AB2ADCCB29E92E1200D14DDB /* SoundPlayer.swift in Sources */,
				ABE4961B29E5547D006DA53B /* DevoteApp.swift in Sources */,
			);
			runOnlyForDeploymentPostprocessing = 0;
		};
/* End PBXSourcesBuildPhase section */

/* Begin PBXTargetDependency section */
		AB2ADCDF29E9413600D14DDB /* PBXTargetDependency */ = {
			isa = PBXTargetDependency;
			target = AB2ADCCF29E9413500D14DDB /* DevoteWidgetExtension */;
			targetProxy = AB2ADCDE29E9413600D14DDB /* PBXContainerItemProxy */;
		};
/* End PBXTargetDependency section */

/* Begin XCBuildConfiguration section */
		AB2ADCE229E9413600D14DDB /* Debug */ = {
			isa = XCBuildConfiguration;
			buildSettings = {
				ASSETCATALOG_COMPILER_GLOBAL_ACCENT_COLOR_NAME = AccentColor;
				ASSETCATALOG_COMPILER_WIDGET_BACKGROUND_COLOR_NAME = WidgetBackground;
				CODE_SIGN_STYLE = Automatic;
				CURRENT_PROJECT_VERSION = 1;
				DEVELOPMENT_TEAM = T2SL9AH7N9;
				GENERATE_INFOPLIST_FILE = YES;
				INFOPLIST_FILE = DevoteWidget/Info.plist;
				INFOPLIST_KEY_CFBundleDisplayName = DevoteWidget;
				INFOPLIST_KEY_NSHumanReadableCopyright = "";
				IPHONEOS_DEPLOYMENT_TARGET = 16.0;
				LD_RUNPATH_SEARCH_PATHS = (
					"$(inherited)",
					"@executable_path/Frameworks",
					"@executable_path/../../Frameworks",
				);
				MARKETING_VERSION = 1.0;
				PRODUCT_BUNDLE_IDENTIFIER = com.masonpham.Devote.DevoteWidget;
				PRODUCT_NAME = "$(TARGET_NAME)";
				SKIP_INSTALL = YES;
				SWIFT_EMIT_LOC_STRINGS = YES;
				SWIFT_VERSION = 5.0;
				TARGETED_DEVICE_FAMILY = "1,2";
			};
			name = Debug;
		};
		AB2ADCE329E9413600D14DDB /* Release */ = {
			isa = XCBuildConfiguration;
			buildSettings = {
				ASSETCATALOG_COMPILER_GLOBAL_ACCENT_COLOR_NAME = AccentColor;
				ASSETCATALOG_COMPILER_WIDGET_BACKGROUND_COLOR_NAME = WidgetBackground;
				CODE_SIGN_STYLE = Automatic;
				CURRENT_PROJECT_VERSION = 1;
				DEVELOPMENT_TEAM = T2SL9AH7N9;
				GENERATE_INFOPLIST_FILE = YES;
				INFOPLIST_FILE = DevoteWidget/Info.plist;
				INFOPLIST_KEY_CFBundleDisplayName = DevoteWidget;
				INFOPLIST_KEY_NSHumanReadableCopyright = "";
				IPHONEOS_DEPLOYMENT_TARGET = 16.0;
				LD_RUNPATH_SEARCH_PATHS = (
					"$(inherited)",
					"@executable_path/Frameworks",
					"@executable_path/../../Frameworks",
				);
				MARKETING_VERSION = 1.0;
				PRODUCT_BUNDLE_IDENTIFIER = com.masonpham.Devote.DevoteWidget;
				PRODUCT_NAME = "$(TARGET_NAME)";
				SKIP_INSTALL = YES;
				SWIFT_EMIT_LOC_STRINGS = YES;
				SWIFT_VERSION = 5.0;
				TARGETED_DEVICE_FAMILY = "1,2";
			};
			name = Release;
		};
		ABE4962829E5547E006DA53B /* Debug */ = {
			isa = XCBuildConfiguration;
			buildSettings = {
				ALWAYS_SEARCH_USER_PATHS = NO;
				CLANG_ANALYZER_NONNULL = YES;
				CLANG_ANALYZER_NUMBER_OBJECT_CONVERSION = YES_AGGRESSIVE;
				CLANG_CXX_LANGUAGE_STANDARD = "gnu++20";
				CLANG_ENABLE_MODULES = YES;
				CLANG_ENABLE_OBJC_ARC = YES;
				CLANG_ENABLE_OBJC_WEAK = YES;
				CLANG_WARN_BLOCK_CAPTURE_AUTORELEASING = YES;
				CLANG_WARN_BOOL_CONVERSION = YES;
				CLANG_WARN_COMMA = YES;
				CLANG_WARN_CONSTANT_CONVERSION = YES;
				CLANG_WARN_DEPRECATED_OBJC_IMPLEMENTATIONS = YES;
				CLANG_WARN_DIRECT_OBJC_ISA_USAGE = YES_ERROR;
				CLANG_WARN_DOCUMENTATION_COMMENTS = YES;
				CLANG_WARN_EMPTY_BODY = YES;
				CLANG_WARN_ENUM_CONVERSION = YES;
				CLANG_WARN_INFINITE_RECURSION = YES;
				CLANG_WARN_INT_CONVERSION = YES;
				CLANG_WARN_NON_LITERAL_NULL_CONVERSION = YES;
				CLANG_WARN_OBJC_IMPLICIT_RETAIN_SELF = YES;
				CLANG_WARN_OBJC_LITERAL_CONVERSION = YES;
				CLANG_WARN_OBJC_ROOT_CLASS = YES_ERROR;
				CLANG_WARN_QUOTED_INCLUDE_IN_FRAMEWORK_HEADER = YES;
				CLANG_WARN_RANGE_LOOP_ANALYSIS = YES;
				CLANG_WARN_STRICT_PROTOTYPES = YES;
				CLANG_WARN_SUSPICIOUS_MOVE = YES;
				CLANG_WARN_UNGUARDED_AVAILABILITY = YES_AGGRESSIVE;
				CLANG_WARN_UNREACHABLE_CODE = YES;
				CLANG_WARN__DUPLICATE_METHOD_MATCH = YES;
				COPY_PHASE_STRIP = NO;
				DEBUG_INFORMATION_FORMAT = dwarf;
				ENABLE_STRICT_OBJC_MSGSEND = YES;
				ENABLE_TESTABILITY = YES;
				GCC_C_LANGUAGE_STANDARD = gnu11;
				GCC_DYNAMIC_NO_PIC = NO;
				GCC_NO_COMMON_BLOCKS = YES;
				GCC_OPTIMIZATION_LEVEL = 0;
				GCC_PREPROCESSOR_DEFINITIONS = (
					"DEBUG=1",
					"$(inherited)",
				);
				GCC_WARN_64_TO_32_BIT_CONVERSION = YES;
				GCC_WARN_ABOUT_RETURN_TYPE = YES_ERROR;
				GCC_WARN_UNDECLARED_SELECTOR = YES;
				GCC_WARN_UNINITIALIZED_AUTOS = YES_AGGRESSIVE;
				GCC_WARN_UNUSED_FUNCTION = YES;
				GCC_WARN_UNUSED_VARIABLE = YES;
				IPHONEOS_DEPLOYMENT_TARGET = 16.0;
				MTL_ENABLE_DEBUG_INFO = INCLUDE_SOURCE;
				MTL_FAST_MATH = YES;
				ONLY_ACTIVE_ARCH = YES;
				SDKROOT = iphoneos;
				SWIFT_ACTIVE_COMPILATION_CONDITIONS = DEBUG;
				SWIFT_OPTIMIZATION_LEVEL = "-Onone";
			};
			name = Debug;
		};
		ABE4962929E5547E006DA53B /* Release */ = {
			isa = XCBuildConfiguration;
			buildSettings = {
				ALWAYS_SEARCH_USER_PATHS = NO;
				CLANG_ANALYZER_NONNULL = YES;
				CLANG_ANALYZER_NUMBER_OBJECT_CONVERSION = YES_AGGRESSIVE;
				CLANG_CXX_LANGUAGE_STANDARD = "gnu++20";
				CLANG_ENABLE_MODULES = YES;
				CLANG_ENABLE_OBJC_ARC = YES;
				CLANG_ENABLE_OBJC_WEAK = YES;
				CLANG_WARN_BLOCK_CAPTURE_AUTORELEASING = YES;
				CLANG_WARN_BOOL_CONVERSION = YES;
				CLANG_WARN_COMMA = YES;
				CLANG_WARN_CONSTANT_CONVERSION = YES;
				CLANG_WARN_DEPRECATED_OBJC_IMPLEMENTATIONS = YES;
				CLANG_WARN_DIRECT_OBJC_ISA_USAGE = YES_ERROR;
				CLANG_WARN_DOCUMENTATION_COMMENTS = YES;
				CLANG_WARN_EMPTY_BODY = YES;
				CLANG_WARN_ENUM_CONVERSION = YES;
				CLANG_WARN_INFINITE_RECURSION = YES;
				CLANG_WARN_INT_CONVERSION = YES;
				CLANG_WARN_NON_LITERAL_NULL_CONVERSION = YES;
				CLANG_WARN_OBJC_IMPLICIT_RETAIN_SELF = YES;
				CLANG_WARN_OBJC_LITERAL_CONVERSION = YES;
				CLANG_WARN_OBJC_ROOT_CLASS = YES_ERROR;
				CLANG_WARN_QUOTED_INCLUDE_IN_FRAMEWORK_HEADER = YES;
				CLANG_WARN_RANGE_LOOP_ANALYSIS = YES;
				CLANG_WARN_STRICT_PROTOTYPES = YES;
				CLANG_WARN_SUSPICIOUS_MOVE = YES;
				CLANG_WARN_UNGUARDED_AVAILABILITY = YES_AGGRESSIVE;
				CLANG_WARN_UNREACHABLE_CODE = YES;
				CLANG_WARN__DUPLICATE_METHOD_MATCH = YES;
				COPY_PHASE_STRIP = NO;
				DEBUG_INFORMATION_FORMAT = "dwarf-with-dsym";
				ENABLE_NS_ASSERTIONS = NO;
				ENABLE_STRICT_OBJC_MSGSEND = YES;
				GCC_C_LANGUAGE_STANDARD = gnu11;
				GCC_NO_COMMON_BLOCKS = YES;
				GCC_WARN_64_TO_32_BIT_CONVERSION = YES;
				GCC_WARN_ABOUT_RETURN_TYPE = YES_ERROR;
				GCC_WARN_UNDECLARED_SELECTOR = YES;
				GCC_WARN_UNINITIALIZED_AUTOS = YES_AGGRESSIVE;
				GCC_WARN_UNUSED_FUNCTION = YES;
				GCC_WARN_UNUSED_VARIABLE = YES;
				IPHONEOS_DEPLOYMENT_TARGET = 16.0;
				MTL_ENABLE_DEBUG_INFO = NO;
				MTL_FAST_MATH = YES;
				SDKROOT = iphoneos;
				SWIFT_COMPILATION_MODE = wholemodule;
				SWIFT_OPTIMIZATION_LEVEL = "-O";
				VALIDATE_PRODUCT = YES;
			};
			name = Release;
		};
		ABE4962B29E5547E006DA53B /* Debug */ = {
			isa = XCBuildConfiguration;
			buildSettings = {
				ALWAYS_EMBED_SWIFT_STANDARD_LIBRARIES = YES;
				ASSETCATALOG_COMPILER_APPICON_NAME = AppIcon;
				ASSETCATALOG_COMPILER_GLOBAL_ACCENT_COLOR_NAME = AccentColor;
				CODE_SIGN_STYLE = Automatic;
				CURRENT_PROJECT_VERSION = 1;
				DEVELOPMENT_ASSET_PATHS = "\"Devote/Preview Content\"";
				DEVELOPMENT_TEAM = T2SL9AH7N9;
				ENABLE_PREVIEWS = YES;
				GENERATE_INFOPLIST_FILE = YES;
				INFOPLIST_KEY_UIApplicationSceneManifest_Generation = YES;
				INFOPLIST_KEY_UIApplicationSupportsIndirectInputEvents = YES;
				INFOPLIST_KEY_UILaunchScreen_Generation = YES;
				INFOPLIST_KEY_UILaunchStoryboardName = "Launch Screen.storyboard";
				INFOPLIST_KEY_UISupportedInterfaceOrientations = UIInterfaceOrientationPortrait;
				INFOPLIST_KEY_UISupportedInterfaceOrientations_iPad = "UIInterfaceOrientationLandscapeLeft UIInterfaceOrientationLandscapeRight UIInterfaceOrientationPortrait UIInterfaceOrientationPortraitUpsideDown";
				IPHONEOS_DEPLOYMENT_TARGET = 16.0;
				LD_RUNPATH_SEARCH_PATHS = (
					"$(inherited)",
					"@executable_path/Frameworks",
				);
				MARKETING_VERSION = 1.0;
				PRODUCT_BUNDLE_IDENTIFIER = com.masonpham.Devote;
				PRODUCT_NAME = "$(TARGET_NAME)";
				SWIFT_EMIT_LOC_STRINGS = YES;
				SWIFT_VERSION = 5.0;
				TARGETED_DEVICE_FAMILY = "1,2";
			};
			name = Debug;
		};
		ABE4962C29E5547E006DA53B /* Release */ = {
			isa = XCBuildConfiguration;
			buildSettings = {
				ALWAYS_EMBED_SWIFT_STANDARD_LIBRARIES = YES;
				ASSETCATALOG_COMPILER_APPICON_NAME = AppIcon;
				ASSETCATALOG_COMPILER_GLOBAL_ACCENT_COLOR_NAME = AccentColor;
				CODE_SIGN_STYLE = Automatic;
				CURRENT_PROJECT_VERSION = 1;
				DEVELOPMENT_ASSET_PATHS = "\"Devote/Preview Content\"";
				DEVELOPMENT_TEAM = T2SL9AH7N9;
				ENABLE_PREVIEWS = YES;
				GENERATE_INFOPLIST_FILE = YES;
				INFOPLIST_KEY_UIApplicationSceneManifest_Generation = YES;
				INFOPLIST_KEY_UIApplicationSupportsIndirectInputEvents = YES;
				INFOPLIST_KEY_UILaunchScreen_Generation = YES;
				INFOPLIST_KEY_UILaunchStoryboardName = "Launch Screen.storyboard";
				INFOPLIST_KEY_UISupportedInterfaceOrientations = UIInterfaceOrientationPortrait;
				INFOPLIST_KEY_UISupportedInterfaceOrientations_iPad = "UIInterfaceOrientationLandscapeLeft UIInterfaceOrientationLandscapeRight UIInterfaceOrientationPortrait UIInterfaceOrientationPortraitUpsideDown";
				IPHONEOS_DEPLOYMENT_TARGET = 16.0;
				LD_RUNPATH_SEARCH_PATHS = (
					"$(inherited)",
					"@executable_path/Frameworks",
				);
				MARKETING_VERSION = 1.0;
				PRODUCT_BUNDLE_IDENTIFIER = com.masonpham.Devote;
				PRODUCT_NAME = "$(TARGET_NAME)";
				SWIFT_EMIT_LOC_STRINGS = YES;
				SWIFT_VERSION = 5.0;
				TARGETED_DEVICE_FAMILY = "1,2";
			};
			name = Release;
		};
/* End XCBuildConfiguration section */

/* Begin XCConfigurationList section */
		AB2ADCE429E9413600D14DDB /* Build configuration list for PBXNativeTarget "DevoteWidgetExtension" */ = {
			isa = XCConfigurationList;
			buildConfigurations = (
				AB2ADCE229E9413600D14DDB /* Debug */,
				AB2ADCE329E9413600D14DDB /* Release */,
			);
			defaultConfigurationIsVisible = 0;
			defaultConfigurationName = Release;
		};
		ABE4961229E5547D006DA53B /* Build configuration list for PBXProject "Devote" */ = {
			isa = XCConfigurationList;
			buildConfigurations = (
				ABE4962829E5547E006DA53B /* Debug */,
				ABE4962929E5547E006DA53B /* Release */,
			);
			defaultConfigurationIsVisible = 0;
			defaultConfigurationName = Release;
		};
		ABE4962A29E5547E006DA53B /* Build configuration list for PBXNativeTarget "Devote" */ = {
			isa = XCConfigurationList;
			buildConfigurations = (
				ABE4962B29E5547E006DA53B /* Debug */,
				ABE4962C29E5547E006DA53B /* Release */,
			);
			defaultConfigurationIsVisible = 0;
			defaultConfigurationName = Release;
		};
/* End XCConfigurationList section */

/* Begin XCVersionGroup section */
		ABE4962529E5547E006DA53B /* Devote.xcdatamodeld */ = {
			isa = XCVersionGroup;
			children = (
				ABE4962629E5547E006DA53B /* Devote.xcdatamodel */,
			);
			currentVersion = ABE4962629E5547E006DA53B /* Devote.xcdatamodel */;
			path = Devote.xcdatamodeld;
			sourceTree = "<group>";
			versionGroupType = wrapper.xcdatamodel;
		};
/* End XCVersionGroup section */
	};
	rootObject = ABE4960F29E5547D006DA53B /* Project object */;
}
